
Microsoft Visual Studio Solution File, Format Version 12.00
# Visual Studio Version 17
VisualStudioVersion = 17.12.35521.163 d17.12
MinimumVisualStudioVersion = 10.0.40219.1
Project("{FAE04EC0-301F-11D3-BF4B-00C04F79EFBC}") = "ConsoleApp6", "ConsoleApp6\ConsoleApp6.csproj", "{CC8D2AC9-6BA9-4E8A-9617-D7189FB5DF29}"
EndProject
Global
	GlobalSection(SolutionConfigurationPlatforms) = preSolution
		Debug|Any CPU = Debug|Any CPU
		Release|Any CPU = Release|Any CPU
	EndGlobalSection
	GlobalSection(ProjectConfigurationPlatforms) = postSolution
		{CC8D2AC9-6BA9-4E8A-9617-D7189FB5DF29}.Debug|Any CPU.ActiveCfg = Debug|Any CPU
		{CC8D2AC9-6BA9-4E8A-9617-D7189FB5DF29}.Debug|Any CPU.Build.0 = Debug|Any CPU
		{CC8D2AC9-6BA9-4E8A-9617-D7189FB5DF29}.Release|Any CPU.ActiveCfg = Release|Any CPU
		{CC8D2AC9-6BA9-4E8A-9617-D7189FB5DF29}.Release|Any CPU.Build.0 = Release|Any CPU
	EndGlobalSection
	GlobalSection(SolutionProperties) = preSolution
		HideSolutionNode = FALSE
	EndGlobalSection
EndGlobal
